
Microsoft Visual Studio Solution File, Format Version 12.00
# Visual Studio Version 17
VisualStudioVersion = 17.6.33712.159
MinimumVisualStudioVersion = 10.0.40219.1
Project("{FAE04EC0-301F-11D3-BF4B-00C04F79EFBC}") = "Lesson1", "LeanCsharp\Lesson1.csproj", "{8C5BB649-4A19-479E-846D-F4E5A493A920}"
EndProject
Project("{9A19103F-16F7-4668-BE54-9A1E7A4F7556}") = "Lesson2", "Lesson2\Lesson2.csproj", "{48FD0ADF-CC6F-457B-8FAE-8E3A35ADD65B}"
EndProject
Project("{9A19103F-16F7-4668-BE54-9A1E7A4F7556}") = "lesson3", "lesson3\lesson3.csproj", "{218A7359-6E22-465A-AAB6-826B18831092}"
EndProject
Project("{9A19103F-16F7-4668-BE54-9A1E7A4F7556}") = "lesson4", "lesson4\lesson4.csproj", "{E67AAAB4-20FD-4027-91A7-F675E5587967}"
EndProject
Project("{9A19103F-16F7-4668-BE54-9A1E7A4F7556}") = "lesson5", "lesson5\lesson5.csproj", "{E5A95269-1FE3-49D8-B083-D7B92F1B9CBC}"
EndProject
Project("{FAE04EC0-301F-11D3-BF4B-00C04F79EFBC}") = "lesson6", "lesson6\lesson6.csproj", "{54D4D3D4-7CC1-4D1D-B2F9-EA68A1B36813}"
EndProject
Global
	GlobalSection(SolutionConfigurationPlatforms) = preSolution
		Debug|Any CPU = Debug|Any CPU
		Release|Any CPU = Release|Any CPU
	EndGlobalSection
	GlobalSection(ProjectConfigurationPlatforms) = postSolution
		{8C5BB649-4A19-479E-846D-F4E5A493A920}.Debug|Any CPU.ActiveCfg = Debug|Any CPU
		{8C5BB649-4A19-479E-846D-F4E5A493A920}.Debug|Any CPU.Build.0 = Debug|Any CPU
		{8C5BB649-4A19-479E-846D-F4E5A493A920}.Release|Any CPU.ActiveCfg = Release|Any CPU
		{8C5BB649-4A19-479E-846D-F4E5A493A920}.Release|Any CPU.Build.0 = Release|Any CPU
		{48FD0ADF-CC6F-457B-8FAE-8E3A35ADD65B}.Debug|Any CPU.ActiveCfg = Debug|Any CPU
		{48FD0ADF-CC6F-457B-8FAE-8E3A35ADD65B}.Debug|Any CPU.Build.0 = Debug|Any CPU
		{48FD0ADF-CC6F-457B-8FAE-8E3A35ADD65B}.Release|Any CPU.ActiveCfg = Release|Any CPU
		{48FD0ADF-CC6F-457B-8FAE-8E3A35ADD65B}.Release|Any CPU.Build.0 = Release|Any CPU
		{218A7359-6E22-465A-AAB6-826B18831092}.Debug|Any CPU.ActiveCfg = Debug|Any CPU
		{218A7359-6E22-465A-AAB6-826B18831092}.Debug|Any CPU.Build.0 = Debug|Any CPU
		{218A7359-6E22-465A-AAB6-826B18831092}.Release|Any CPU.ActiveCfg = Release|Any CPU
		{218A7359-6E22-465A-AAB6-826B18831092}.Release|Any CPU.Build.0 = Release|Any CPU
		{E67AAAB4-20FD-4027-91A7-F675E5587967}.Debug|Any CPU.ActiveCfg = Debug|Any CPU
		{E67AAAB4-20FD-4027-91A7-F675E5587967}.Debug|Any CPU.Build.0 = Debug|Any CPU
		{E67AAAB4-20FD-4027-91A7-F675E5587967}.Release|Any CPU.ActiveCfg = Release|Any CPU
		{E67AAAB4-20FD-4027-91A7-F675E5587967}.Release|Any CPU.Build.0 = Release|Any CPU
		{E5A95269-1FE3-49D8-B083-D7B92F1B9CBC}.Debug|Any CPU.ActiveCfg = Debug|Any CPU
		{E5A95269-1FE3-49D8-B083-D7B92F1B9CBC}.Debug|Any CPU.Build.0 = Debug|Any CPU
		{E5A95269-1FE3-49D8-B083-D7B92F1B9CBC}.Release|Any CPU.ActiveCfg = Release|Any CPU
		{E5A95269-1FE3-49D8-B083-D7B92F1B9CBC}.Release|Any CPU.Build.0 = Release|Any CPU
		{54D4D3D4-7CC1-4D1D-B2F9-EA68A1B36813}.Debug|Any CPU.ActiveCfg = Debug|Any CPU
		{54D4D3D4-7CC1-4D1D-B2F9-EA68A1B36813}.Debug|Any CPU.Build.0 = Debug|Any CPU
		{54D4D3D4-7CC1-4D1D-B2F9-EA68A1B36813}.Release|Any CPU.ActiveCfg = Release|Any CPU
		{54D4D3D4-7CC1-4D1D-B2F9-EA68A1B36813}.Release|Any CPU.Build.0 = Release|Any CPU
	EndGlobalSection
	GlobalSection(SolutionProperties) = preSolution
		HideSolutionNode = FALSE
	EndGlobalSection
	GlobalSection(ExtensibilityGlobals) = postSolution
		SolutionGuid = {1D364EB2-8541-4E3B-BA1E-60C805EAB53A}
	EndGlobalSection
EndGlobal
